// !$*UTF8*$!
{
	archiveVersion = 1;
	classes = {
	};
	objectVersion = 50;
	objects = {

/* Begin PBXBuildFile section */
		DAC4C72B2599D7DD009BDCF3 /* AppDelegate.swift in Sources */ = {isa = PBXBuildFile; fileRef = DAC4C72A2599D7DD009BDCF3 /* AppDelegate.swift */; };
		DAC4C72D2599D7DD009BDCF3 /* SceneDelegate.swift in Sources */ = {isa = PBXBuildFile; fileRef = DAC4C72C2599D7DD009BDCF3 /* SceneDelegate.swift */; };
		DAC4C72F2599D7DD009BDCF3 /* ViewController.swift in Sources */ = {isa = PBXBuildFile; fileRef = DAC4C72E2599D7DD009BDCF3 /* ViewController.swift */; };
		DAC4C7322599D7DD009BDCF3 /* Main.storyboard in Resources */ = {isa = PBXBuildFile; fileRef = DAC4C7302599D7DD009BDCF3 /* Main.storyboard */; };
		DAC4C7342599D7DF009BDCF3 /* Assets.xcassets in Resources */ = {isa = PBXBuildFile; fileRef = DAC4C7332599D7DF009BDCF3 /* Assets.xcassets */; };
		DAC4C7372599D7DF009BDCF3 /* LaunchScreen.storyboard in Resources */ = {isa = PBXBuildFile; fileRef = DAC4C7352599D7DF009BDCF3 /* LaunchScreen.storyboard */; };
/* End PBXBuildFile section */

/* Begin PBXFileReference section */
		DAC4C7272599D7DD009BDCF3 /* Flowerizer.app */ = {isa = PBXFileReference; explicitFileType = wrapper.application; includeInIndex = 0; path = Flowerizer.app; sourceTree = BUILT_PRODUCTS_DIR; };
		DAC4C72A2599D7DD009BDCF3 /* AppDelegate.swift */ = {isa = PBXFileReference; lastKnownFileType = sourcecode.swift; path = AppDelegate.swift; sourceTree = "<group>"; };
		DAC4C72C2599D7DD009BDCF3 /* SceneDelegate.swift */ = {isa = PBXFileReference; lastKnownFileType = sourcecode.swift; path = SceneDelegate.swift; sourceTree = "<group>"; };
		DAC4C72E2599D7DD009BDCF3 /* ViewController.swift */ = {isa = PBXFileReference; lastKnownFileType = sourcecode.swift; path = ViewController.swift; sourceTree = "<group>"; };
		DAC4C7312599D7DD009BDCF3 /* Base */ = {isa = PBXFileReference; lastKnownFileType = file.storyboard; name = Base; path = Base.lproj/Main.storyboard; sourceTree = "<group>"; };
		DAC4C7332599D7DF009BDCF3 /* Assets.xcassets */ = {isa = PBXFileReference; lastKnownFileType = folder.assetcatalog; path = Assets.xcassets; sourceTree = "<group>"; };
		DAC4C7362599D7DF009BDCF3 /* Base */ = {isa = PBXFileReference; lastKnownFileType = file.storyboard; name = Base; path = Base.lproj/LaunchScreen.storyboard; sourceTree = "<group>"; };
		DAC4C7382599D7DF009BDCF3 /* Info.plist */ = {isa = PBXFileReference; lastKnownFileType = text.plist.xml; path = Info.plist; sourceTree = "<group>"; };
/* End PBXFileReference section */

/* Begin PBXFrameworksBuildPhase section */
		DAC4C7242599D7DD009BDCF3 /* Frameworks */ = {
			isa = PBXFrameworksBuildPhase;
			buildActionMask = 2147483647;
			files = (
			);
			runOnlyForDeploymentPostprocessing = 0;
		};
/* End PBXFrameworksBuildPhase section */

/* Begin PBXGroup section */
		DAC4C71E2599D7DD009BDCF3 = {
			isa = PBXGroup;
			children = (
				DAC4C7292599D7DD009BDCF3 /* Flowerizer */,
				DAC4C7282599D7DD009BDCF3 /* Products */,
			);
			sourceTree = "<group>";
		};
		DAC4C7282599D7DD009BDCF3 /* Products */ = {
			isa = PBXGroup;
			children = (
				DAC4C7272599D7DD009BDCF3 /* Flowerizer.app */,
			);
			name = Products;
			sourceTree = "<group>";
		};
		DAC4C7292599D7DD009BDCF3 /* Flowerizer */ = {
			isa = PBXGroup;
			children = (
				DAC4C72A2599D7DD009BDCF3 /* AppDelegate.swift */,
				DAC4C72C2599D7DD009BDCF3 /* SceneDelegate.swift */,
				DAC4C72E2599D7DD009BDCF3 /* ViewController.swift */,
				DAC4C7302599D7DD009BDCF3 /* Main.storyboard */,
				DAC4C7332599D7DF009BDCF3 /* Assets.xcassets */,
				DAC4C7352599D7DF009BDCF3 /* LaunchScreen.storyboard */,
				DAC4C7382599D7DF009BDCF3 /* Info.plist */,
			);
			path = Flowerizer;
			sourceTree = "<group>";
		};
/* End PBXGroup section */

/* Begin PBXNativeTarget section */
		DAC4C7262599D7DD009BDCF3 /* Flowerizer */ = {
			isa = PBXNativeTarget;
			buildConfigurationList = DAC4C73B2599D7DF009BDCF3 /* Build configuration list for PBXNativeTarget "Flowerizer" */;
			buildPhases = (
				DAC4C7232599D7DD009BDCF3 /* Sources */,
				DAC4C7242599D7DD009BDCF3 /* Frameworks */,
				DAC4C7252599D7DD009BDCF3 /* Resources */,
			);
			buildRules = (
			);
			dependencies = (
			);
			name = Flowerizer;
			productName = Flowerizer;
			productReference = DAC4C7272599D7DD009BDCF3 /* Flowerizer.app */;
			productType = "com.apple.product-type.application";
		};
/* End PBXNativeTarget section */

/* Begin PBXProject section */
		DAC4C71F2599D7DD009BDCF3 /* Project object */ = {
			isa = PBXProject;
			attributes = {
				LastSwiftUpdateCheck = 1230;
				LastUpgradeCheck = 1230;
				TargetAttributes = {
					DAC4C7262599D7DD009BDCF3 = {
						CreatedOnToolsVersion = 12.3;
					};
				};
			};
			buildConfigurationList = DAC4C7222599D7DD009BDCF3 /* Build configuration list for PBXProject "Flowerizer" */;
			compatibilityVersion = "Xcode 9.3";
			developmentRegion = en;
			hasScannedForEncodings = 0;
			knownRegions = (
				en,
				Base,
			);
			mainGroup = DAC4C71E2599D7DD009BDCF3;
			productRefGroup = DAC4C7282599D7DD009BDCF3 /* Products */;
			projectDirPath = "";
			projectRoot = "";
			targets = (
				DAC4C7262599D7DD009BDCF3 /* Flowerizer */,
			);
		};
/* End PBXProject section */

/* Begin PBXResourcesBuildPhase section */
		DAC4C7252599D7DD009BDCF3 /* Resources */ = {
			isa = PBXResourcesBuildPhase;
			buildActionMask = 2147483647;
			files = (
				DAC4C7372599D7DF009BDCF3 /* LaunchScreen.storyboard in Resources */,
				DAC4C7342599D7DF009BDCF3 /* Assets.xcassets in Resources */,
				DAC4C7322599D7DD009BDCF3 /* Main.storyboard in Resources */,
			);
			runOnlyForDeploymentPostprocessing = 0;
		};
/* End PBXResourcesBuildPhase section */

/* Begin PBXSourcesBuildPhase section */
		DAC4C7232599D7DD009BDCF3 /* Sources */ = {
			isa = PBXSourcesBuildPhase;
			buildActionMask = 2147483647;
			files = (
				DAC4C72F2599D7DD009BDCF3 /* ViewController.swift in Sources */,
				DAC4C72B2599D7DD009BDCF3 /* AppDelegate.swift in Sources */,
				DAC4C72D2599D7DD009BDCF3 /* SceneDelegate.swift in Sources */,
			);
			runOnlyForDeploymentPostprocessing = 0;
		};
/* End PBXSourcesBuildPhase section */

/* Begin PBXVariantGroup section */
		DAC4C7302599D7DD009BDCF3 /* Main.storyboard */ = {
			isa = PBXVariantGroup;
			children = (
				DAC4C7312599D7DD009BDCF3 /* Base */,
			);
			name = Main.storyboard;
			sourceTree = "<group>";
		};
		DAC4C7352599D7DF009BDCF3 /* LaunchScreen.storyboard */ = {
			isa = PBXVariantGroup;
			children = (
				DAC4C7362599D7DF009BDCF3 /* Base */,
			);
			name = LaunchScreen.storyboard;
			sourceTree = "<group>";
		};
/* End PBXVariantGroup section */

/* Begin XCBuildConfiguration section */
		DAC4C7392599D7DF009BDCF3 /* Debug */ = {
			isa = XCBuildConfiguration;
			buildSettings = {
				ALWAYS_SEARCH_USER_PATHS = NO;
				CLANG_ANALYZER_NONNULL = YES;
				CLANG_ANALYZER_NUMBER_OBJECT_CONVERSION = YES_AGGRESSIVE;
				CLANG_CXX_LANGUAGE_STANDARD = "gnu++14";
				CLANG_CXX_LIBRARY = "libc++";
				CLANG_ENABLE_MODULES = YES;
				CLANG_ENABLE_OBJC_ARC = YES;
				CLANG_ENABLE_OBJC_WEAK = YES;
				CLANG_WARN_BLOCK_CAPTURE_AUTORELEASING = YES;
				CLANG_WARN_BOOL_CONVERSION = YES;
				CLANG_WARN_COMMA = YES;
				CLANG_WARN_CONSTANT_CONVERSION = YES;
				CLANG_WARN_DEPRECATED_OBJC_IMPLEMENTATIONS = YES;
				CLANG_WARN_DIRECT_OBJC_ISA_USAGE = YES_ERROR;
				CLANG_WARN_DOCUMENTATION_COMMENTS = YES;
				CLANG_WARN_EMPTY_BODY = YES;
				CLANG_WARN_ENUM_CONVERSION = YES;
				CLANG_WARN_INFINITE_RECURSION = YES;
				CLANG_WARN_INT_CONVERSION = YES;
				CLANG_WARN_NON_LITERAL_NULL_CONVERSION = YES;
				CLANG_WARN_OBJC_IMPLICIT_RETAIN_SELF = YES;
				CLANG_WARN_OBJC_LITERAL_CONVERSION = YES;
				CLANG_WARN_OBJC_ROOT_CLASS = YES_ERROR;
				CLANG_WARN_QUOTED_INCLUDE_IN_FRAMEWORK_HEADER = YES;
				CLANG_WARN_RANGE_LOOP_ANALYSIS = YES;
				CLANG_WARN_STRICT_PROTOTYPES = YES;
				CLANG_WARN_SUSPICIOUS_MOVE = YES;
				CLANG_WARN_UNGUARDED_AVAILABILITY = YES_AGGRESSIVE;
				CLANG_WARN_UNREACHABLE_CODE = YES;
				CLANG_WARN__DUPLICATE_METHOD_MATCH = YES;
				COPY_PHASE_STRIP = NO;
				DEBUG_INFORMATION_FORMAT = dwarf;
				ENABLE_STRICT_OBJC_MSGSEND = YES;
				ENABLE_TESTABILITY = YES;
				GCC_C_LANGUAGE_STANDARD = gnu11;
				GCC_DYNAMIC_NO_PIC = NO;
				GCC_NO_COMMON_BLOCKS = YES;
				GCC_OPTIMIZATION_LEVEL = 0;
				GCC_PREPROCESSOR_DEFINITIONS = (
					"DEBUG=1",
					"$(inherited)",
				);
				GCC_WARN_64_TO_32_BIT_CONVERSION = YES;
				GCC_WARN_ABOUT_RETURN_TYPE = YES_ERROR;
				GCC_WARN_UNDECLARED_SELECTOR = YES;
				GCC_WARN_UNINITIALIZED_AUTOS = YES_AGGRESSIVE;
				GCC_WARN_UNUSED_FUNCTION = YES;
				GCC_WARN_UNUSED_VARIABLE = YES;
				IPHONEOS_DEPLOYMENT_TARGET = 14.3;
				MTL_ENABLE_DEBUG_INFO = INCLUDE_SOURCE;
				MTL_FAST_MATH = YES;
				ONLY_ACTIVE_ARCH = YES;
				SDKROOT = iphoneos;
				SWIFT_ACTIVE_COMPILATION_CONDITIONS = DEBUG;
				SWIFT_OPTIMIZATION_LEVEL = "-Onone";
			};
			name = Debug;
		};
		DAC4C73A2599D7DF009BDCF3 /* Release */ = {
			isa = XCBuildConfiguration;
			buildSettings = {
				ALWAYS_SEARCH_USER_PATHS = NO;
				CLANG_ANALYZER_NONNULL = YES;
				CLANG_ANALYZER_NUMBER_OBJECT_CONVERSION = YES_AGGRESSIVE;
				CLANG_CXX_LANGUAGE_STANDARD = "gnu++14";
				CLANG_CXX_LIBRARY = "libc++";
				CLANG_ENABLE_MODULES = YES;
				CLANG_ENABLE_OBJC_ARC = YES;
				CLANG_ENABLE_OBJC_WEAK = YES;
				CLANG_WARN_BLOCK_CAPTURE_AUTORELEASING = YES;
				CLANG_WARN_BOOL_CONVERSION = YES;
				CLANG_WARN_COMMA = YES;
				CLANG_WARN_CONSTANT_CONVERSION = YES;
				CLANG_WARN_DEPRECATED_OBJC_IMPLEMENTATIONS = YES;
				CLANG_WARN_DIRECT_OBJC_ISA_USAGE = YES_ERROR;
				CLANG_WARN_DOCUMENTATION_COMMENTS = YES;
				CLANG_WARN_EMPTY_BODY = YES;
				CLANG_WARN_ENUM_CONVERSION = YES;
				CLANG_WARN_INFINITE_RECURSION = YES;
				CLANG_WARN_INT_CONVERSION = YES;
				CLANG_WARN_NON_LITERAL_NULL_CONVERSION = YES;
				CLANG_WARN_OBJC_IMPLICIT_RETAIN_SELF = YES;
				CLANG_WARN_OBJC_LITERAL_CONVERSION = YES;
				CLANG_WARN_OBJC_ROOT_CLASS = YES_ERROR;
				CLANG_WARN_QUOTED_INCLUDE_IN_FRAMEWORK_HEADER = YES;
				CLANG_WARN_RANGE_LOOP_ANALYSIS = YES;
				CLANG_WARN_STRICT_PROTOTYPES = YES;
				CLANG_WARN_SUSPICIOUS_MOVE = YES;
				CLANG_WARN_UNGUARDED_AVAILABILITY = YES_AGGRESSIVE;
				CLANG_WARN_UNREACHABLE_CODE = YES;
				CLANG_WARN__DUPLICATE_METHOD_MATCH = YES;
				COPY_PHASE_STRIP = NO;
				DEBUG_INFORMATION_FORMAT = "dwarf-with-dsym";
				ENABLE_NS_ASSERTIONS = NO;
				ENABLE_STRICT_OBJC_MSGSEND = YES;
				GCC_C_LANGUAGE_STANDARD = gnu11;
				GCC_NO_COMMON_BLOCKS = YES;
				GCC_WARN_64_TO_32_BIT_CONVERSION = YES;
				GCC_WARN_ABOUT_RETURN_TYPE = YES_ERROR;
				GCC_WARN_UNDECLARED_SELECTOR = YES;
				GCC_WARN_UNINITIALIZED_AUTOS = YES_AGGRESSIVE;
				GCC_WARN_UNUSED_FUNCTION = YES;
				GCC_WARN_UNUSED_VARIABLE = YES;
				IPHONEOS_DEPLOYMENT_TARGET = 14.3;
				MTL_ENABLE_DEBUG_INFO = NO;
				MTL_FAST_MATH = YES;
				SDKROOT = iphoneos;
				SWIFT_COMPILATION_MODE = wholemodule;
				SWIFT_OPTIMIZATION_LEVEL = "-O";
				VALIDATE_PRODUCT = YES;
			};
			name = Release;
		};
		DAC4C73C2599D7DF009BDCF3 /* Debug */ = {
			isa = XCBuildConfiguration;
			buildSettings = {
				ASSETCATALOG_COMPILER_APPICON_NAME = AppIcon;
				ASSETCATALOG_COMPILER_GLOBAL_ACCENT_COLOR_NAME = AccentColor;
				CODE_SIGN_STYLE = Automatic;
				DEVELOPMENT_TEAM = 5GK84AB28K;
				INFOPLIST_FILE = Flowerizer/Info.plist;
				LD_RUNPATH_SEARCH_PATHS = (
					"$(inherited)",
					"@executable_path/Frameworks",
				);
				PRODUCT_BUNDLE_IDENTIFIER = co.aerialstring.Flowerizer;
				PRODUCT_NAME = "$(TARGET_NAME)";
				SWIFT_VERSION = 5.0;
				TARGETED_DEVICE_FAMILY = "1,2";
			};
			name = Debug;
		};
		DAC4C73D2599D7DF009BDCF3 /* Release */ = {
			isa = XCBuildConfiguration;
			buildSettings = {
				ASSETCATALOG_COMPILER_APPICON_NAME = AppIcon;
				ASSETCATALOG_COMPILER_GLOBAL_ACCENT_COLOR_NAME = AccentColor;
				CODE_SIGN_STYLE = Automatic;
				DEVELOPMENT_TEAM = 5GK84AB28K;
				INFOPLIST_FILE = Flowerizer/Info.plist;
				LD_RUNPATH_SEARCH_PATHS = (
					"$(inherited)",
					"@executable_path/Frameworks",
				);
				PRODUCT_BUNDLE_IDENTIFIER = co.aerialstring.Flowerizer;
				PRODUCT_NAME = "$(TARGET_NAME)";
				SWIFT_VERSION = 5.0;
				TARGETED_DEVICE_FAMILY = "1,2";
			};
			name = Release;
		};
/* End XCBuildConfiguration section */

/* Begin XCConfigurationList section */
		DAC4C7222599D7DD009BDCF3 /* Build configuration list for PBXProject "Flowerizer" */ = {
			isa = XCConfigurationList;
			buildConfigurations = (
				DAC4C7392599D7DF009BDCF3 /* Debug */,
				DAC4C73A2599D7DF009BDCF3 /* Release */,
			);
			defaultConfigurationIsVisible = 0;
			defaultConfigurationName = Release;
		};
		DAC4C73B2599D7DF009BDCF3 /* Build configuration list for PBXNativeTarget "Flowerizer" */ = {
			isa = XCConfigurationList;
			buildConfigurations = (
				DAC4C73C2599D7DF009BDCF3 /* Debug */,
				DAC4C73D2599D7DF009BDCF3 /* Release */,
			);
			defaultConfigurationIsVisible = 0;
			defaultConfigurationName = Release;
		};
/* End XCConfigurationList section */
	};
	rootObject = DAC4C71F2599D7DD009BDCF3 /* Project object */;
}
